// !$*UTF8*$!
{
	archiveVersion = 1;
	classes = {
	};
	objectVersion = 56;
	objects = {

/* Begin PBXBuildFile section */
		CE120F572C40F5A800FDD783 /* AppDelegate.swift in Sources */ = {isa = PBXBuildFile; fileRef = CE120F562C40F5A800FDD783 /* AppDelegate.swift */; };
		CE120F592C40F5A800FDD783 /* SceneDelegate.swift in Sources */ = {isa = PBXBuildFile; fileRef = CE120F582C40F5A800FDD783 /* SceneDelegate.swift */; };
		CE120F5B2C40F5A800FDD783 /* WelcomeViewController.swift in Sources */ = {isa = PBXBuildFile; fileRef = CE120F5A2C40F5A800FDD783 /* WelcomeViewController.swift */; };
		CE120F602C40F5A900FDD783 /* Assets.xcassets in Resources */ = {isa = PBXBuildFile; fileRef = CE120F5F2C40F5A900FDD783 /* Assets.xcassets */; };
		CE120F632C40F5A900FDD783 /* Base in Resources */ = {isa = PBXBuildFile; fileRef = CE120F622C40F5A900FDD783 /* Base */; };
		CE120F722C40F6C800FDD783 /* Router.swift in Sources */ = {isa = PBXBuildFile; fileRef = CE120F702C40F6C800FDD783 /* Router.swift */; };
		CE120F772C40F6DA00FDD783 /* Color+Extension.swift in Sources */ = {isa = PBXBuildFile; fileRef = CE120F732C40F6DA00FDD783 /* Color+Extension.swift */; };
		CE120F782C40F6DA00FDD783 /* Images.swift in Sources */ = {isa = PBXBuildFile; fileRef = CE120F742C40F6DA00FDD783 /* Images.swift */; };
		CE120F792C40F6DA00FDD783 /* UIView+Extension.swift in Sources */ = {isa = PBXBuildFile; fileRef = CE120F752C40F6DA00FDD783 /* UIView+Extension.swift */; };
		CE120F7D2C41047E00FDD783 /* CategoriesViewController.swift in Sources */ = {isa = PBXBuildFile; fileRef = CE120F7C2C41047E00FDD783 /* CategoriesViewController.swift */; };
		CE120F7F2C41069600FDD783 /* WelcomeView.swift in Sources */ = {isa = PBXBuildFile; fileRef = CE120F7E2C41069600FDD783 /* WelcomeView.swift */; };
		CE120F812C41083E00FDD783 /* CategoriesView.swift in Sources */ = {isa = PBXBuildFile; fileRef = CE120F802C41083E00FDD783 /* CategoriesView.swift */; };
		CE120F832C41127900FDD783 /* CategoriesViewModel.swift in Sources */ = {isa = PBXBuildFile; fileRef = CE120F822C41127900FDD783 /* CategoriesViewModel.swift */; };
		CE120F852C44B62200FDD783 /* CategoryDetailViewController.swift in Sources */ = {isa = PBXBuildFile; fileRef = CE120F842C44B62200FDD783 /* CategoryDetailViewController.swift */; };
/* End PBXBuildFile section */

/* Begin PBXFileReference section */
		CE120F532C40F5A800FDD783 /* GroceriesAppUIKit.app */ = {isa = PBXFileReference; explicitFileType = wrapper.application; includeInIndex = 0; path = GroceriesAppUIKit.app; sourceTree = BUILT_PRODUCTS_DIR; };
		CE120F562C40F5A800FDD783 /* AppDelegate.swift */ = {isa = PBXFileReference; lastKnownFileType = sourcecode.swift; path = AppDelegate.swift; sourceTree = "<group>"; };
		CE120F582C40F5A800FDD783 /* SceneDelegate.swift */ = {isa = PBXFileReference; lastKnownFileType = sourcecode.swift; path = SceneDelegate.swift; sourceTree = "<group>"; };
		CE120F5A2C40F5A800FDD783 /* WelcomeViewController.swift */ = {isa = PBXFileReference; lastKnownFileType = sourcecode.swift; path = WelcomeViewController.swift; sourceTree = "<group>"; };
		CE120F5F2C40F5A900FDD783 /* Assets.xcassets */ = {isa = PBXFileReference; lastKnownFileType = folder.assetcatalog; path = Assets.xcassets; sourceTree = "<group>"; };
		CE120F622C40F5A900FDD783 /* Base */ = {isa = PBXFileReference; lastKnownFileType = file.storyboard; name = Base; path = Base.lproj/LaunchScreen.storyboard; sourceTree = "<group>"; };
		CE120F642C40F5A900FDD783 /* Info.plist */ = {isa = PBXFileReference; lastKnownFileType = text.plist.xml; path = Info.plist; sourceTree = "<group>"; };
		CE120F702C40F6C800FDD783 /* Router.swift */ = {isa = PBXFileReference; fileEncoding = 4; lastKnownFileType = sourcecode.swift; path = Router.swift; sourceTree = "<group>"; };
		CE120F732C40F6DA00FDD783 /* Color+Extension.swift */ = {isa = PBXFileReference; fileEncoding = 4; lastKnownFileType = sourcecode.swift; path = "Color+Extension.swift"; sourceTree = "<group>"; };
		CE120F742C40F6DA00FDD783 /* Images.swift */ = {isa = PBXFileReference; fileEncoding = 4; lastKnownFileType = sourcecode.swift; path = Images.swift; sourceTree = "<group>"; };
		CE120F752C40F6DA00FDD783 /* UIView+Extension.swift */ = {isa = PBXFileReference; fileEncoding = 4; lastKnownFileType = sourcecode.swift; path = "UIView+Extension.swift"; sourceTree = "<group>"; };
		CE120F7C2C41047E00FDD783 /* CategoriesViewController.swift */ = {isa = PBXFileReference; lastKnownFileType = sourcecode.swift; path = CategoriesViewController.swift; sourceTree = "<group>"; };
		CE120F7E2C41069600FDD783 /* WelcomeView.swift */ = {isa = PBXFileReference; lastKnownFileType = sourcecode.swift; path = WelcomeView.swift; sourceTree = "<group>"; };
		CE120F802C41083E00FDD783 /* CategoriesView.swift */ = {isa = PBXFileReference; lastKnownFileType = sourcecode.swift; path = CategoriesView.swift; sourceTree = "<group>"; };
		CE120F822C41127900FDD783 /* CategoriesViewModel.swift */ = {isa = PBXFileReference; lastKnownFileType = sourcecode.swift; path = CategoriesViewModel.swift; sourceTree = "<group>"; };
		CE120F842C44B62200FDD783 /* CategoryDetailViewController.swift */ = {isa = PBXFileReference; lastKnownFileType = sourcecode.swift; path = CategoryDetailViewController.swift; sourceTree = "<group>"; };
/* End PBXFileReference section */

/* Begin PBXFrameworksBuildPhase section */
		CE120F502C40F5A800FDD783 /* Frameworks */ = {
			isa = PBXFrameworksBuildPhase;
			buildActionMask = 2147483647;
			files = (
			);
			runOnlyForDeploymentPostprocessing = 0;
		};
/* End PBXFrameworksBuildPhase section */

/* Begin PBXGroup section */
		CE120F4A2C40F5A800FDD783 = {
			isa = PBXGroup;
			children = (
				CE120F552C40F5A800FDD783 /* GroceriesAppUIKit */,
				CE120F542C40F5A800FDD783 /* Products */,
			);
			sourceTree = "<group>";
		};
		CE120F542C40F5A800FDD783 /* Products */ = {
			isa = PBXGroup;
			children = (
				CE120F532C40F5A800FDD783 /* GroceriesAppUIKit.app */,
			);
			name = Products;
			sourceTree = "<group>";
		};
		CE120F552C40F5A800FDD783 /* GroceriesAppUIKit */ = {
			isa = PBXGroup;
			children = (
				CE120F762C40F6DA00FDD783 /* Helpers */,
				CE120F712C40F6C800FDD783 /* Router */,
				CE120F6C2C40F60A00FDD783 /* Model */,
				CE120F6B2C40F60400FDD783 /* View */,
				CE120F6A2C40F5FE00FDD783 /* ViewModel */,
				CE120F562C40F5A800FDD783 /* AppDelegate.swift */,
				CE120F582C40F5A800FDD783 /* SceneDelegate.swift */,
				CE120F5F2C40F5A900FDD783 /* Assets.xcassets */,
				CE120F612C40F5A900FDD783 /* LaunchScreen.storyboard */,
				CE120F642C40F5A900FDD783 /* Info.plist */,
			);
			path = GroceriesAppUIKit;
			sourceTree = "<group>";
		};
		CE120F6A2C40F5FE00FDD783 /* ViewModel */ = {
			isa = PBXGroup;
			children = (
				CE120F822C41127900FDD783 /* CategoriesViewModel.swift */,
			);
			path = ViewModel;
			sourceTree = "<group>";
		};
		CE120F6B2C40F60400FDD783 /* View */ = {
			isa = PBXGroup;
			children = (
				CE120F6D2C40F61600FDD783 /* Controllers */,
				CE120F7E2C41069600FDD783 /* WelcomeView.swift */,
				CE120F802C41083E00FDD783 /* CategoriesView.swift */,
			);
			path = View;
			sourceTree = "<group>";
		};
		CE120F6C2C40F60A00FDD783 /* Model */ = {
			isa = PBXGroup;
			children = (
			);
			name = Model;
			sourceTree = "<group>";
		};
		CE120F6D2C40F61600FDD783 /* Controllers */ = {
			isa = PBXGroup;
			children = (
				CE120F5A2C40F5A800FDD783 /* WelcomeViewController.swift */,
				CE120F7C2C41047E00FDD783 /* CategoriesViewController.swift */,
				CE120F842C44B62200FDD783 /* CategoryDetailViewController.swift */,
			);
			path = Controllers;
			sourceTree = "<group>";
		};
		CE120F712C40F6C800FDD783 /* Router */ = {
			isa = PBXGroup;
			children = (
				CE120F702C40F6C800FDD783 /* Router.swift */,
			);
			path = Router;
			sourceTree = "<group>";
		};
		CE120F762C40F6DA00FDD783 /* Helpers */ = {
			isa = PBXGroup;
			children = (
				CE120F732C40F6DA00FDD783 /* Color+Extension.swift */,
				CE120F742C40F6DA00FDD783 /* Images.swift */,
				CE120F752C40F6DA00FDD783 /* UIView+Extension.swift */,
			);
			path = Helpers;
			sourceTree = "<group>";
		};
/* End PBXGroup section */

/* Begin PBXNativeTarget section */
		CE120F522C40F5A800FDD783 /* GroceriesAppUIKit */ = {
			isa = PBXNativeTarget;
			buildConfigurationList = CE120F672C40F5A900FDD783 /* Build configuration list for PBXNativeTarget "GroceriesAppUIKit" */;
			buildPhases = (
				CE120F4F2C40F5A800FDD783 /* Sources */,
				CE120F502C40F5A800FDD783 /* Frameworks */,
				CE120F512C40F5A800FDD783 /* Resources */,
			);
			buildRules = (
			);
			dependencies = (
			);
			name = GroceriesAppUIKit;
			productName = GroceriesAppUIKit;
			productReference = CE120F532C40F5A800FDD783 /* GroceriesAppUIKit.app */;
			productType = "com.apple.product-type.application";
		};
/* End PBXNativeTarget section */

/* Begin PBXProject section */
		CE120F4B2C40F5A800FDD783 /* Project object */ = {
			isa = PBXProject;
			attributes = {
				BuildIndependentTargetsInParallel = 1;
				LastSwiftUpdateCheck = 1540;
				LastUpgradeCheck = 1540;
				TargetAttributes = {
					CE120F522C40F5A800FDD783 = {
						CreatedOnToolsVersion = 15.4;
					};
				};
			};
			buildConfigurationList = CE120F4E2C40F5A800FDD783 /* Build configuration list for PBXProject "GroceriesAppUIKit" */;
			compatibilityVersion = "Xcode 14.0";
			developmentRegion = en;
			hasScannedForEncodings = 0;
			knownRegions = (
				en,
				Base,
			);
			mainGroup = CE120F4A2C40F5A800FDD783;
			productRefGroup = CE120F542C40F5A800FDD783 /* Products */;
			projectDirPath = "";
			projectRoot = "";
			targets = (
				CE120F522C40F5A800FDD783 /* GroceriesAppUIKit */,
			);
		};
/* End PBXProject section */

/* Begin PBXResourcesBuildPhase section */
		CE120F512C40F5A800FDD783 /* Resources */ = {
			isa = PBXResourcesBuildPhase;
			buildActionMask = 2147483647;
			files = (
				CE120F602C40F5A900FDD783 /* Assets.xcassets in Resources */,
				CE120F632C40F5A900FDD783 /* Base in Resources */,
			);
			runOnlyForDeploymentPostprocessing = 0;
		};
/* End PBXResourcesBuildPhase section */

/* Begin PBXSourcesBuildPhase section */
		CE120F4F2C40F5A800FDD783 /* Sources */ = {
			isa = PBXSourcesBuildPhase;
			buildActionMask = 2147483647;
			files = (
				CE120F782C40F6DA00FDD783 /* Images.swift in Sources */,
				CE120F5B2C40F5A800FDD783 /* WelcomeViewController.swift in Sources */,
				CE120F792C40F6DA00FDD783 /* UIView+Extension.swift in Sources */,
				CE120F772C40F6DA00FDD783 /* Color+Extension.swift in Sources */,
				CE120F7F2C41069600FDD783 /* WelcomeView.swift in Sources */,
				CE120F572C40F5A800FDD783 /* AppDelegate.swift in Sources */,
				CE120F722C40F6C800FDD783 /* Router.swift in Sources */,
				CE120F7D2C41047E00FDD783 /* CategoriesViewController.swift in Sources */,
				CE120F812C41083E00FDD783 /* CategoriesView.swift in Sources */,
				CE120F852C44B62200FDD783 /* CategoryDetailViewController.swift in Sources */,
				CE120F592C40F5A800FDD783 /* SceneDelegate.swift in Sources */,
				CE120F832C41127900FDD783 /* CategoriesViewModel.swift in Sources */,
			);
			runOnlyForDeploymentPostprocessing = 0;
		};
/* End PBXSourcesBuildPhase section */

/* Begin PBXVariantGroup section */
		CE120F612C40F5A900FDD783 /* LaunchScreen.storyboard */ = {
			isa = PBXVariantGroup;
			children = (
				CE120F622C40F5A900FDD783 /* Base */,
			);
			name = LaunchScreen.storyboard;
			sourceTree = "<group>";
		};
/* End PBXVariantGroup section */

/* Begin XCBuildConfiguration section */
		CE120F652C40F5A900FDD783 /* Debug */ = {
			isa = XCBuildConfiguration;
			buildSettings = {
				ALWAYS_SEARCH_USER_PATHS = NO;
				ASSETCATALOG_COMPILER_GENERATE_SWIFT_ASSET_SYMBOL_EXTENSIONS = YES;
				CLANG_ANALYZER_NONNULL = YES;
				CLANG_ANALYZER_NUMBER_OBJECT_CONVERSION = YES_AGGRESSIVE;
				CLANG_CXX_LANGUAGE_STANDARD = "gnu++20";
				CLANG_ENABLE_MODULES = YES;
				CLANG_ENABLE_OBJC_ARC = YES;
				CLANG_ENABLE_OBJC_WEAK = YES;
				CLANG_WARN_BLOCK_CAPTURE_AUTORELEASING = YES;
				CLANG_WARN_BOOL_CONVERSION = YES;
				CLANG_WARN_COMMA = YES;
				CLANG_WARN_CONSTANT_CONVERSION = YES;
				CLANG_WARN_DEPRECATED_OBJC_IMPLEMENTATIONS = YES;
				CLANG_WARN_DIRECT_OBJC_ISA_USAGE = YES_ERROR;
				CLANG_WARN_DOCUMENTATION_COMMENTS = YES;
				CLANG_WARN_EMPTY_BODY = YES;
				CLANG_WARN_ENUM_CONVERSION = YES;
				CLANG_WARN_INFINITE_RECURSION = YES;
				CLANG_WARN_INT_CONVERSION = YES;
				CLANG_WARN_NON_LITERAL_NULL_CONVERSION = YES;
				CLANG_WARN_OBJC_IMPLICIT_RETAIN_SELF = YES;
				CLANG_WARN_OBJC_LITERAL_CONVERSION = YES;
				CLANG_WARN_OBJC_ROOT_CLASS = YES_ERROR;
				CLANG_WARN_QUOTED_INCLUDE_IN_FRAMEWORK_HEADER = YES;
				CLANG_WARN_RANGE_LOOP_ANALYSIS = YES;
				CLANG_WARN_STRICT_PROTOTYPES = YES;
				CLANG_WARN_SUSPICIOUS_MOVE = YES;
				CLANG_WARN_UNGUARDED_AVAILABILITY = YES_AGGRESSIVE;
				CLANG_WARN_UNREACHABLE_CODE = YES;
				CLANG_WARN__DUPLICATE_METHOD_MATCH = YES;
				COPY_PHASE_STRIP = NO;
				DEBUG_INFORMATION_FORMAT = dwarf;
				ENABLE_STRICT_OBJC_MSGSEND = YES;
				ENABLE_TESTABILITY = YES;
				ENABLE_USER_SCRIPT_SANDBOXING = YES;
				GCC_C_LANGUAGE_STANDARD = gnu17;
				GCC_DYNAMIC_NO_PIC = NO;
				GCC_NO_COMMON_BLOCKS = YES;
				GCC_OPTIMIZATION_LEVEL = 0;
				GCC_PREPROCESSOR_DEFINITIONS = (
					"DEBUG=1",
					"$(inherited)",
				);
				GCC_WARN_64_TO_32_BIT_CONVERSION = YES;
				GCC_WARN_ABOUT_RETURN_TYPE = YES_ERROR;
				GCC_WARN_UNDECLARED_SELECTOR = YES;
				GCC_WARN_UNINITIALIZED_AUTOS = YES_AGGRESSIVE;
				GCC_WARN_UNUSED_FUNCTION = YES;
				GCC_WARN_UNUSED_VARIABLE = YES;
				IPHONEOS_DEPLOYMENT_TARGET = 17.5;
				LOCALIZATION_PREFERS_STRING_CATALOGS = YES;
				MTL_ENABLE_DEBUG_INFO = INCLUDE_SOURCE;
				MTL_FAST_MATH = YES;
				ONLY_ACTIVE_ARCH = YES;
				SDKROOT = iphoneos;
				SWIFT_ACTIVE_COMPILATION_CONDITIONS = "DEBUG $(inherited)";
				SWIFT_OPTIMIZATION_LEVEL = "-Onone";
			};
			name = Debug;
		};
		CE120F662C40F5A900FDD783 /* Release */ = {
			isa = XCBuildConfiguration;
			buildSettings = {
				ALWAYS_SEARCH_USER_PATHS = NO;
				ASSETCATALOG_COMPILER_GENERATE_SWIFT_ASSET_SYMBOL_EXTENSIONS = YES;
				CLANG_ANALYZER_NONNULL = YES;
				CLANG_ANALYZER_NUMBER_OBJECT_CONVERSION = YES_AGGRESSIVE;
				CLANG_CXX_LANGUAGE_STANDARD = "gnu++20";
				CLANG_ENABLE_MODULES = YES;
				CLANG_ENABLE_OBJC_ARC = YES;
				CLANG_ENABLE_OBJC_WEAK = YES;
				CLANG_WARN_BLOCK_CAPTURE_AUTORELEASING = YES;
				CLANG_WARN_BOOL_CONVERSION = YES;
				CLANG_WARN_COMMA = YES;
				CLANG_WARN_CONSTANT_CONVERSION = YES;
				CLANG_WARN_DEPRECATED_OBJC_IMPLEMENTATIONS = YES;
				CLANG_WARN_DIRECT_OBJC_ISA_USAGE = YES_ERROR;
				CLANG_WARN_DOCUMENTATION_COMMENTS = YES;
				CLANG_WARN_EMPTY_BODY = YES;
				CLANG_WARN_ENUM_CONVERSION = YES;
				CLANG_WARN_INFINITE_RECURSION = YES;
				CLANG_WARN_INT_CONVERSION = YES;
				CLANG_WARN_NON_LITERAL_NULL_CONVERSION = YES;
				CLANG_WARN_OBJC_IMPLICIT_RETAIN_SELF = YES;
				CLANG_WARN_OBJC_LITERAL_CONVERSION = YES;
				CLANG_WARN_OBJC_ROOT_CLASS = YES_ERROR;
				CLANG_WARN_QUOTED_INCLUDE_IN_FRAMEWORK_HEADER = YES;
				CLANG_WARN_RANGE_LOOP_ANALYSIS = YES;
				CLANG_WARN_STRICT_PROTOTYPES = YES;
				CLANG_WARN_SUSPICIOUS_MOVE = YES;
				CLANG_WARN_UNGUARDED_AVAILABILITY = YES_AGGRESSIVE;
				CLANG_WARN_UNREACHABLE_CODE = YES;
				CLANG_WARN__DUPLICATE_METHOD_MATCH = YES;
				COPY_PHASE_STRIP = NO;
				DEBUG_INFORMATION_FORMAT = "dwarf-with-dsym";
				ENABLE_NS_ASSERTIONS = NO;
				ENABLE_STRICT_OBJC_MSGSEND = YES;
				ENABLE_USER_SCRIPT_SANDBOXING = YES;
				GCC_C_LANGUAGE_STANDARD = gnu17;
				GCC_NO_COMMON_BLOCKS = YES;
				GCC_WARN_64_TO_32_BIT_CONVERSION = YES;
				GCC_WARN_ABOUT_RETURN_TYPE = YES_ERROR;
				GCC_WARN_UNDECLARED_SELECTOR = YES;
				GCC_WARN_UNINITIALIZED_AUTOS = YES_AGGRESSIVE;
				GCC_WARN_UNUSED_FUNCTION = YES;
				GCC_WARN_UNUSED_VARIABLE = YES;
				IPHONEOS_DEPLOYMENT_TARGET = 17.5;
				LOCALIZATION_PREFERS_STRING_CATALOGS = YES;
				MTL_ENABLE_DEBUG_INFO = NO;
				MTL_FAST_MATH = YES;
				SDKROOT = iphoneos;
				SWIFT_COMPILATION_MODE = wholemodule;
				VALIDATE_PRODUCT = YES;
			};
			name = Release;
		};
		CE120F682C40F5A900FDD783 /* Debug */ = {
			isa = XCBuildConfiguration;
			buildSettings = {
				ASSETCATALOG_COMPILER_APPICON_NAME = AppIcon;
				ASSETCATALOG_COMPILER_GLOBAL_ACCENT_COLOR_NAME = AccentColor;
				CODE_SIGN_STYLE = Automatic;
				CURRENT_PROJECT_VERSION = 1;
				DEVELOPMENT_TEAM = XV38VT3FG5;
				GENERATE_INFOPLIST_FILE = YES;
				INFOPLIST_FILE = GroceriesAppUIKit/Info.plist;
				INFOPLIST_KEY_UIApplicationSupportsIndirectInputEvents = YES;
				INFOPLIST_KEY_UILaunchStoryboardName = LaunchScreen;
				INFOPLIST_KEY_UIMainStoryboardFile = "";
				INFOPLIST_KEY_UISupportedInterfaceOrientations_iPad = "UIInterfaceOrientationPortrait UIInterfaceOrientationPortraitUpsideDown UIInterfaceOrientationLandscapeLeft UIInterfaceOrientationLandscapeRight";
				INFOPLIST_KEY_UISupportedInterfaceOrientations_iPhone = "UIInterfaceOrientationPortrait UIInterfaceOrientationLandscapeLeft UIInterfaceOrientationLandscapeRight";
				LD_RUNPATH_SEARCH_PATHS = (
					"$(inherited)",
					"@executable_path/Frameworks",
				);
				MARKETING_VERSION = 1.0;
				PRODUCT_BUNDLE_IDENTIFIER = com.zero.GroceriesAppUIKit;
				PRODUCT_NAME = "$(TARGET_NAME)";
				SWIFT_EMIT_LOC_STRINGS = YES;
				SWIFT_VERSION = 5.0;
				TARGETED_DEVICE_FAMILY = "1,2";
			};
			name = Debug;
		};
		CE120F692C40F5A900FDD783 /* Release */ = {
			isa = XCBuildConfiguration;
			buildSettings = {
				ASSETCATALOG_COMPILER_APPICON_NAME = AppIcon;
				ASSETCATALOG_COMPILER_GLOBAL_ACCENT_COLOR_NAME = AccentColor;
				CODE_SIGN_STYLE = Automatic;
				CURRENT_PROJECT_VERSION = 1;
				DEVELOPMENT_TEAM = XV38VT3FG5;
				GENERATE_INFOPLIST_FILE = YES;
				INFOPLIST_FILE = GroceriesAppUIKit/Info.plist;
				INFOPLIST_KEY_UIApplicationSupportsIndirectInputEvents = YES;
				INFOPLIST_KEY_UILaunchStoryboardName = LaunchScreen;
				INFOPLIST_KEY_UIMainStoryboardFile = "";
				INFOPLIST_KEY_UISupportedInterfaceOrientations_iPad = "UIInterfaceOrientationPortrait UIInterfaceOrientationPortraitUpsideDown UIInterfaceOrientationLandscapeLeft UIInterfaceOrientationLandscapeRight";
				INFOPLIST_KEY_UISupportedInterfaceOrientations_iPhone = "UIInterfaceOrientationPortrait UIInterfaceOrientationLandscapeLeft UIInterfaceOrientationLandscapeRight";
				LD_RUNPATH_SEARCH_PATHS = (
					"$(inherited)",
					"@executable_path/Frameworks",
				);
				MARKETING_VERSION = 1.0;
				PRODUCT_BUNDLE_IDENTIFIER = com.zero.GroceriesAppUIKit;
				PRODUCT_NAME = "$(TARGET_NAME)";
				SWIFT_EMIT_LOC_STRINGS = YES;
				SWIFT_VERSION = 5.0;
				TARGETED_DEVICE_FAMILY = "1,2";
			};
			name = Release;
		};
/* End XCBuildConfiguration section */

/* Begin XCConfigurationList section */
		CE120F4E2C40F5A800FDD783 /* Build configuration list for PBXProject "GroceriesAppUIKit" */ = {
			isa = XCConfigurationList;
			buildConfigurations = (
				CE120F652C40F5A900FDD783 /* Debug */,
				CE120F662C40F5A900FDD783 /* Release */,
			);
			defaultConfigurationIsVisible = 0;
			defaultConfigurationName = Release;
		};
		CE120F672C40F5A900FDD783 /* Build configuration list for PBXNativeTarget "GroceriesAppUIKit" */ = {
			isa = XCConfigurationList;
			buildConfigurations = (
				CE120F682C40F5A900FDD783 /* Debug */,
				CE120F692C40F5A900FDD783 /* Release */,
			);
			defaultConfigurationIsVisible = 0;
			defaultConfigurationName = Release;
		};
/* End XCConfigurationList section */
	};
	rootObject = CE120F4B2C40F5A800FDD783 /* Project object */;
}
