// !$*UTF8*$!
{
	archiveVersion = 1;
	classes = {
	};
	objectVersion = 56;
	objects = {

/* Begin PBXBuildFile section */
		CE120F932C4506F300FDD783 /* AppDelegate.swift in Sources */ = {isa = PBXBuildFile; fileRef = CE120F922C4506F300FDD783 /* AppDelegate.swift */; };
		CE120F952C4506F300FDD783 /* SceneDelegate.swift in Sources */ = {isa = PBXBuildFile; fileRef = CE120F942C4506F300FDD783 /* SceneDelegate.swift */; };
		CE120F972C4506F300FDD783 /* HomeController.swift in Sources */ = {isa = PBXBuildFile; fileRef = CE120F962C4506F300FDD783 /* HomeController.swift */; };
		CE120F9C2C4506F400FDD783 /* Assets.xcassets in Resources */ = {isa = PBXBuildFile; fileRef = CE120F9B2C4506F400FDD783 /* Assets.xcassets */; };
		CE120F9F2C4506F400FDD783 /* Base in Resources */ = {isa = PBXBuildFile; fileRef = CE120F9E2C4506F400FDD783 /* Base */; };
		CE120FAD2C45093D00FDD783 /* Constants.swift in Sources */ = {isa = PBXBuildFile; fileRef = CE120FAC2C45093D00FDD783 /* Constants.swift */; };
		CE120FB02C45104300FDD783 /* Coin.swift in Sources */ = {isa = PBXBuildFile; fileRef = CE120FAF2C45104300FDD783 /* Coin.swift */; };
		CE120FB22C4511B700FDD783 /* CoinCell.swift in Sources */ = {isa = PBXBuildFile; fileRef = CE120FB12C4511B700FDD783 /* CoinCell.swift */; };
		CE120FB42C460A2B00FDD783 /* ViewCryptoController.swift in Sources */ = {isa = PBXBuildFile; fileRef = CE120FB32C460A2B00FDD783 /* ViewCryptoController.swift */; };
		CE120FB62C462B2000FDD783 /* ViewCryptoControllerViewModel.swift in Sources */ = {isa = PBXBuildFile; fileRef = CE120FB52C462B2000FDD783 /* ViewCryptoControllerViewModel.swift */; };
		CE120FB82C46460A00FDD783 /* CoinError.swift in Sources */ = {isa = PBXBuildFile; fileRef = CE120FB72C46460A00FDD783 /* CoinError.swift */; };
		CE120FBA2C46496D00FDD783 /* HTTP.swift in Sources */ = {isa = PBXBuildFile; fileRef = CE120FB92C46496D00FDD783 /* HTTP.swift */; };
		CE120FBC2C464CC100FDD783 /* Endpoint.swift in Sources */ = {isa = PBXBuildFile; fileRef = CE120FBB2C464CC100FDD783 /* Endpoint.swift */; };
		CE120FBE2C4652C900FDD783 /* CoinService.swift in Sources */ = {isa = PBXBuildFile; fileRef = CE120FBD2C4652C900FDD783 /* CoinService.swift */; };
		CE120FC02C46577800FDD783 /* HomeControllerViewModel.swift in Sources */ = {isa = PBXBuildFile; fileRef = CE120FBF2C46577800FDD783 /* HomeControllerViewModel.swift */; };
/* End PBXBuildFile section */

/* Begin PBXFileReference section */
		CE120F8F2C4506F300FDD783 /* Crypt-Pro.app */ = {isa = PBXFileReference; explicitFileType = wrapper.application; includeInIndex = 0; path = "Crypt-Pro.app"; sourceTree = BUILT_PRODUCTS_DIR; };
		CE120F922C4506F300FDD783 /* AppDelegate.swift */ = {isa = PBXFileReference; lastKnownFileType = sourcecode.swift; path = AppDelegate.swift; sourceTree = "<group>"; };
		CE120F942C4506F300FDD783 /* SceneDelegate.swift */ = {isa = PBXFileReference; lastKnownFileType = sourcecode.swift; path = SceneDelegate.swift; sourceTree = "<group>"; };
		CE120F962C4506F300FDD783 /* HomeController.swift */ = {isa = PBXFileReference; lastKnownFileType = sourcecode.swift; path = HomeController.swift; sourceTree = "<group>"; };
		CE120F9B2C4506F400FDD783 /* Assets.xcassets */ = {isa = PBXFileReference; lastKnownFileType = folder.assetcatalog; path = Assets.xcassets; sourceTree = "<group>"; };
		CE120F9E2C4506F400FDD783 /* Base */ = {isa = PBXFileReference; lastKnownFileType = file.storyboard; name = Base; path = Base.lproj/LaunchScreen.storyboard; sourceTree = "<group>"; };
		CE120FA02C4506F400FDD783 /* Info.plist */ = {isa = PBXFileReference; lastKnownFileType = text.plist.xml; path = Info.plist; sourceTree = "<group>"; };
		CE120FAC2C45093D00FDD783 /* Constants.swift */ = {isa = PBXFileReference; lastKnownFileType = sourcecode.swift; path = Constants.swift; sourceTree = "<group>"; };
		CE120FAF2C45104300FDD783 /* Coin.swift */ = {isa = PBXFileReference; lastKnownFileType = sourcecode.swift; path = Coin.swift; sourceTree = "<group>"; };
		CE120FB12C4511B700FDD783 /* CoinCell.swift */ = {isa = PBXFileReference; lastKnownFileType = sourcecode.swift; path = CoinCell.swift; sourceTree = "<group>"; };
		CE120FB32C460A2B00FDD783 /* ViewCryptoController.swift */ = {isa = PBXFileReference; lastKnownFileType = sourcecode.swift; path = ViewCryptoController.swift; sourceTree = "<group>"; };
		CE120FB52C462B2000FDD783 /* ViewCryptoControllerViewModel.swift */ = {isa = PBXFileReference; lastKnownFileType = sourcecode.swift; path = ViewCryptoControllerViewModel.swift; sourceTree = "<group>"; };
		CE120FB72C46460A00FDD783 /* CoinError.swift */ = {isa = PBXFileReference; lastKnownFileType = sourcecode.swift; path = CoinError.swift; sourceTree = "<group>"; };
		CE120FB92C46496D00FDD783 /* HTTP.swift */ = {isa = PBXFileReference; lastKnownFileType = sourcecode.swift; path = HTTP.swift; sourceTree = "<group>"; };
		CE120FBB2C464CC100FDD783 /* Endpoint.swift */ = {isa = PBXFileReference; lastKnownFileType = sourcecode.swift; path = Endpoint.swift; sourceTree = "<group>"; };
		CE120FBD2C4652C900FDD783 /* CoinService.swift */ = {isa = PBXFileReference; lastKnownFileType = sourcecode.swift; path = CoinService.swift; sourceTree = "<group>"; };
		CE120FBF2C46577800FDD783 /* HomeControllerViewModel.swift */ = {isa = PBXFileReference; lastKnownFileType = sourcecode.swift; path = HomeControllerViewModel.swift; sourceTree = "<group>"; };
/* End PBXFileReference section */

/* Begin PBXFrameworksBuildPhase section */
		CE120F8C2C4506F300FDD783 /* Frameworks */ = {
			isa = PBXFrameworksBuildPhase;
			buildActionMask = 2147483647;
			files = (
			);
			runOnlyForDeploymentPostprocessing = 0;
		};
/* End PBXFrameworksBuildPhase section */

/* Begin PBXGroup section */
		CE120F862C4506F300FDD783 = {
			isa = PBXGroup;
			children = (
				CE120F912C4506F300FDD783 /* Crypt-Pro */,
				CE120F902C4506F300FDD783 /* Products */,
			);
			sourceTree = "<group>";
		};
		CE120F902C4506F300FDD783 /* Products */ = {
			isa = PBXGroup;
			children = (
				CE120F8F2C4506F300FDD783 /* Crypt-Pro.app */,
			);
			name = Products;
			sourceTree = "<group>";
		};
		CE120F912C4506F300FDD783 /* Crypt-Pro */ = {
			isa = PBXGroup;
			children = (
				CE120FAB2C4508AC00FDD783 /* API */,
				CE120FAA2C4508A600FDD783 /* Models */,
				CE120FA92C4508A300FDD783 /* Views */,
				CE120FA82C45089C00FDD783 /* ViewModels */,
				CE120FA72C45089500FDD783 /* Controllers */,
				CE120FA62C45088E00FDD783 /* Supporting */,
				CE120FA02C4506F400FDD783 /* Info.plist */,
			);
			path = "Crypt-Pro";
			sourceTree = "<group>";
		};
		CE120FA62C45088E00FDD783 /* Supporting */ = {
			isa = PBXGroup;
			children = (
				CE120F9B2C4506F400FDD783 /* Assets.xcassets */,
				CE120F9D2C4506F400FDD783 /* LaunchScreen.storyboard */,
				CE120F922C4506F300FDD783 /* AppDelegate.swift */,
				CE120F942C4506F300FDD783 /* SceneDelegate.swift */,
				CE120FAC2C45093D00FDD783 /* Constants.swift */,
			);
			path = Supporting;
			sourceTree = "<group>";
		};
		CE120FA72C45089500FDD783 /* Controllers */ = {
			isa = PBXGroup;
			children = (
				CE120F962C4506F300FDD783 /* HomeController.swift */,
				CE120FB32C460A2B00FDD783 /* ViewCryptoController.swift */,
			);
			path = Controllers;
			sourceTree = "<group>";
		};
		CE120FA82C45089C00FDD783 /* ViewModels */ = {
			isa = PBXGroup;
			children = (
				CE120FB52C462B2000FDD783 /* ViewCryptoControllerViewModel.swift */,
				CE120FBF2C46577800FDD783 /* HomeControllerViewModel.swift */,
			);
			path = ViewModels;
			sourceTree = "<group>";
		};
		CE120FA92C4508A300FDD783 /* Views */ = {
			isa = PBXGroup;
			children = (
				CE120FB12C4511B700FDD783 /* CoinCell.swift */,
			);
			path = Views;
			sourceTree = "<group>";
		};
		CE120FAA2C4508A600FDD783 /* Models */ = {
			isa = PBXGroup;
			children = (
				CE120FAF2C45104300FDD783 /* Coin.swift */,
				CE120FB72C46460A00FDD783 /* CoinError.swift */,
			);
			path = Models;
			sourceTree = "<group>";
		};
		CE120FAB2C4508AC00FDD783 /* API */ = {
			isa = PBXGroup;
			children = (
				CE120FB92C46496D00FDD783 /* HTTP.swift */,
				CE120FBB2C464CC100FDD783 /* Endpoint.swift */,
				CE120FBD2C4652C900FDD783 /* CoinService.swift */,
			);
			path = API;
			sourceTree = "<group>";
		};
/* End PBXGroup section */

/* Begin PBXNativeTarget section */
		CE120F8E2C4506F300FDD783 /* Crypt-Pro */ = {
			isa = PBXNativeTarget;
			buildConfigurationList = CE120FA32C4506F400FDD783 /* Build configuration list for PBXNativeTarget "Crypt-Pro" */;
			buildPhases = (
				CE120F8B2C4506F300FDD783 /* Sources */,
				CE120F8C2C4506F300FDD783 /* Frameworks */,
				CE120F8D2C4506F300FDD783 /* Resources */,
			);
			buildRules = (
			);
			dependencies = (
			);
			name = "Crypt-Pro";
			productName = "Crypt-Pro";
			productReference = CE120F8F2C4506F300FDD783 /* Crypt-Pro.app */;
			productType = "com.apple.product-type.application";
		};
/* End PBXNativeTarget section */

/* Begin PBXProject section */
		CE120F872C4506F300FDD783 /* Project object */ = {
			isa = PBXProject;
			attributes = {
				BuildIndependentTargetsInParallel = 1;
				LastSwiftUpdateCheck = 1540;
				LastUpgradeCheck = 1540;
				TargetAttributes = {
					CE120F8E2C4506F300FDD783 = {
						CreatedOnToolsVersion = 15.4;
					};
				};
			};
			buildConfigurationList = CE120F8A2C4506F300FDD783 /* Build configuration list for PBXProject "Crypt-Pro" */;
			compatibilityVersion = "Xcode 14.0";
			developmentRegion = en;
			hasScannedForEncodings = 0;
			knownRegions = (
				en,
				Base,
			);
			mainGroup = CE120F862C4506F300FDD783;
			productRefGroup = CE120F902C4506F300FDD783 /* Products */;
			projectDirPath = "";
			projectRoot = "";
			targets = (
				CE120F8E2C4506F300FDD783 /* Crypt-Pro */,
			);
		};
/* End PBXProject section */

/* Begin PBXResourcesBuildPhase section */
		CE120F8D2C4506F300FDD783 /* Resources */ = {
			isa = PBXResourcesBuildPhase;
			buildActionMask = 2147483647;
			files = (
				CE120F9C2C4506F400FDD783 /* Assets.xcassets in Resources */,
				CE120F9F2C4506F400FDD783 /* Base in Resources */,
			);
			runOnlyForDeploymentPostprocessing = 0;
		};
/* End PBXResourcesBuildPhase section */

/* Begin PBXSourcesBuildPhase section */
		CE120F8B2C4506F300FDD783 /* Sources */ = {
			isa = PBXSourcesBuildPhase;
			buildActionMask = 2147483647;
			files = (
				CE120FB62C462B2000FDD783 /* ViewCryptoControllerViewModel.swift in Sources */,
				CE120F972C4506F300FDD783 /* HomeController.swift in Sources */,
				CE120F932C4506F300FDD783 /* AppDelegate.swift in Sources */,
				CE120F952C4506F300FDD783 /* SceneDelegate.swift in Sources */,
				CE120FB42C460A2B00FDD783 /* ViewCryptoController.swift in Sources */,
				CE120FBA2C46496D00FDD783 /* HTTP.swift in Sources */,
				CE120FB82C46460A00FDD783 /* CoinError.swift in Sources */,
				CE120FB02C45104300FDD783 /* Coin.swift in Sources */,
				CE120FC02C46577800FDD783 /* HomeControllerViewModel.swift in Sources */,
				CE120FB22C4511B700FDD783 /* CoinCell.swift in Sources */,
				CE120FBC2C464CC100FDD783 /* Endpoint.swift in Sources */,
				CE120FBE2C4652C900FDD783 /* CoinService.swift in Sources */,
				CE120FAD2C45093D00FDD783 /* Constants.swift in Sources */,
			);
			runOnlyForDeploymentPostprocessing = 0;
		};
/* End PBXSourcesBuildPhase section */

/* Begin PBXVariantGroup section */
		CE120F9D2C4506F400FDD783 /* LaunchScreen.storyboard */ = {
			isa = PBXVariantGroup;
			children = (
				CE120F9E2C4506F400FDD783 /* Base */,
			);
			name = LaunchScreen.storyboard;
			sourceTree = "<group>";
		};
/* End PBXVariantGroup section */

/* Begin XCBuildConfiguration section */
		CE120FA12C4506F400FDD783 /* Debug */ = {
			isa = XCBuildConfiguration;
			buildSettings = {
				ALWAYS_SEARCH_USER_PATHS = NO;
				ASSETCATALOG_COMPILER_GENERATE_SWIFT_ASSET_SYMBOL_EXTENSIONS = YES;
				CLANG_ANALYZER_NONNULL = YES;
				CLANG_ANALYZER_NUMBER_OBJECT_CONVERSION = YES_AGGRESSIVE;
				CLANG_CXX_LANGUAGE_STANDARD = "gnu++20";
				CLANG_ENABLE_MODULES = YES;
				CLANG_ENABLE_OBJC_ARC = YES;
				CLANG_ENABLE_OBJC_WEAK = YES;
				CLANG_WARN_BLOCK_CAPTURE_AUTORELEASING = YES;
				CLANG_WARN_BOOL_CONVERSION = YES;
				CLANG_WARN_COMMA = YES;
				CLANG_WARN_CONSTANT_CONVERSION = YES;
				CLANG_WARN_DEPRECATED_OBJC_IMPLEMENTATIONS = YES;
				CLANG_WARN_DIRECT_OBJC_ISA_USAGE = YES_ERROR;
				CLANG_WARN_DOCUMENTATION_COMMENTS = YES;
				CLANG_WARN_EMPTY_BODY = YES;
				CLANG_WARN_ENUM_CONVERSION = YES;
				CLANG_WARN_INFINITE_RECURSION = YES;
				CLANG_WARN_INT_CONVERSION = YES;
				CLANG_WARN_NON_LITERAL_NULL_CONVERSION = YES;
				CLANG_WARN_OBJC_IMPLICIT_RETAIN_SELF = YES;
				CLANG_WARN_OBJC_LITERAL_CONVERSION = YES;
				CLANG_WARN_OBJC_ROOT_CLASS = YES_ERROR;
				CLANG_WARN_QUOTED_INCLUDE_IN_FRAMEWORK_HEADER = YES;
				CLANG_WARN_RANGE_LOOP_ANALYSIS = YES;
				CLANG_WARN_STRICT_PROTOTYPES = YES;
				CLANG_WARN_SUSPICIOUS_MOVE = YES;
				CLANG_WARN_UNGUARDED_AVAILABILITY = YES_AGGRESSIVE;
				CLANG_WARN_UNREACHABLE_CODE = YES;
				CLANG_WARN__DUPLICATE_METHOD_MATCH = YES;
				COPY_PHASE_STRIP = NO;
				DEBUG_INFORMATION_FORMAT = dwarf;
				ENABLE_STRICT_OBJC_MSGSEND = YES;
				ENABLE_TESTABILITY = YES;
				ENABLE_USER_SCRIPT_SANDBOXING = YES;
				GCC_C_LANGUAGE_STANDARD = gnu17;
				GCC_DYNAMIC_NO_PIC = NO;
				GCC_NO_COMMON_BLOCKS = YES;
				GCC_OPTIMIZATION_LEVEL = 0;
				GCC_PREPROCESSOR_DEFINITIONS = (
					"DEBUG=1",
					"$(inherited)",
				);
				GCC_WARN_64_TO_32_BIT_CONVERSION = YES;
				GCC_WARN_ABOUT_RETURN_TYPE = YES_ERROR;
				GCC_WARN_UNDECLARED_SELECTOR = YES;
				GCC_WARN_UNINITIALIZED_AUTOS = YES_AGGRESSIVE;
				GCC_WARN_UNUSED_FUNCTION = YES;
				GCC_WARN_UNUSED_VARIABLE = YES;
				IPHONEOS_DEPLOYMENT_TARGET = 13.0;
				LOCALIZATION_PREFERS_STRING_CATALOGS = YES;
				MTL_ENABLE_DEBUG_INFO = INCLUDE_SOURCE;
				MTL_FAST_MATH = YES;
				ONLY_ACTIVE_ARCH = YES;
				SDKROOT = iphoneos;
				SWIFT_ACTIVE_COMPILATION_CONDITIONS = "DEBUG $(inherited)";
				SWIFT_OPTIMIZATION_LEVEL = "-Onone";
			};
			name = Debug;
		};
		CE120FA22C4506F400FDD783 /* Release */ = {
			isa = XCBuildConfiguration;
			buildSettings = {
				ALWAYS_SEARCH_USER_PATHS = NO;
				ASSETCATALOG_COMPILER_GENERATE_SWIFT_ASSET_SYMBOL_EXTENSIONS = YES;
				CLANG_ANALYZER_NONNULL = YES;
				CLANG_ANALYZER_NUMBER_OBJECT_CONVERSION = YES_AGGRESSIVE;
				CLANG_CXX_LANGUAGE_STANDARD = "gnu++20";
				CLANG_ENABLE_MODULES = YES;
				CLANG_ENABLE_OBJC_ARC = YES;
				CLANG_ENABLE_OBJC_WEAK = YES;
				CLANG_WARN_BLOCK_CAPTURE_AUTORELEASING = YES;
				CLANG_WARN_BOOL_CONVERSION = YES;
				CLANG_WARN_COMMA = YES;
				CLANG_WARN_CONSTANT_CONVERSION = YES;
				CLANG_WARN_DEPRECATED_OBJC_IMPLEMENTATIONS = YES;
				CLANG_WARN_DIRECT_OBJC_ISA_USAGE = YES_ERROR;
				CLANG_WARN_DOCUMENTATION_COMMENTS = YES;
				CLANG_WARN_EMPTY_BODY = YES;
				CLANG_WARN_ENUM_CONVERSION = YES;
				CLANG_WARN_INFINITE_RECURSION = YES;
				CLANG_WARN_INT_CONVERSION = YES;
				CLANG_WARN_NON_LITERAL_NULL_CONVERSION = YES;
				CLANG_WARN_OBJC_IMPLICIT_RETAIN_SELF = YES;
				CLANG_WARN_OBJC_LITERAL_CONVERSION = YES;
				CLANG_WARN_OBJC_ROOT_CLASS = YES_ERROR;
				CLANG_WARN_QUOTED_INCLUDE_IN_FRAMEWORK_HEADER = YES;
				CLANG_WARN_RANGE_LOOP_ANALYSIS = YES;
				CLANG_WARN_STRICT_PROTOTYPES = YES;
				CLANG_WARN_SUSPICIOUS_MOVE = YES;
				CLANG_WARN_UNGUARDED_AVAILABILITY = YES_AGGRESSIVE;
				CLANG_WARN_UNREACHABLE_CODE = YES;
				CLANG_WARN__DUPLICATE_METHOD_MATCH = YES;
				COPY_PHASE_STRIP = NO;
				DEBUG_INFORMATION_FORMAT = "dwarf-with-dsym";
				ENABLE_NS_ASSERTIONS = NO;
				ENABLE_STRICT_OBJC_MSGSEND = YES;
				ENABLE_USER_SCRIPT_SANDBOXING = YES;
				GCC_C_LANGUAGE_STANDARD = gnu17;
				GCC_NO_COMMON_BLOCKS = YES;
				GCC_WARN_64_TO_32_BIT_CONVERSION = YES;
				GCC_WARN_ABOUT_RETURN_TYPE = YES_ERROR;
				GCC_WARN_UNDECLARED_SELECTOR = YES;
				GCC_WARN_UNINITIALIZED_AUTOS = YES_AGGRESSIVE;
				GCC_WARN_UNUSED_FUNCTION = YES;
				GCC_WARN_UNUSED_VARIABLE = YES;
				IPHONEOS_DEPLOYMENT_TARGET = 13.0;
				LOCALIZATION_PREFERS_STRING_CATALOGS = YES;
				MTL_ENABLE_DEBUG_INFO = NO;
				MTL_FAST_MATH = YES;
				SDKROOT = iphoneos;
				SWIFT_COMPILATION_MODE = wholemodule;
				VALIDATE_PRODUCT = YES;
			};
			name = Release;
		};
		CE120FA42C4506F400FDD783 /* Debug */ = {
			isa = XCBuildConfiguration;
			buildSettings = {
				ASSETCATALOG_COMPILER_APPICON_NAME = AppIcon;
				ASSETCATALOG_COMPILER_GLOBAL_ACCENT_COLOR_NAME = AccentColor;
				CODE_SIGN_STYLE = Automatic;
				CURRENT_PROJECT_VERSION = 1;
				DEVELOPMENT_TEAM = XV38VT3FG5;
				GENERATE_INFOPLIST_FILE = YES;
				INFOPLIST_FILE = "Crypt-Pro/Info.plist";
				INFOPLIST_KEY_UIApplicationSupportsIndirectInputEvents = YES;
				INFOPLIST_KEY_UILaunchStoryboardName = LaunchScreen;
				INFOPLIST_KEY_UISupportedInterfaceOrientations_iPad = "UIInterfaceOrientationPortrait UIInterfaceOrientationPortraitUpsideDown UIInterfaceOrientationLandscapeLeft UIInterfaceOrientationLandscapeRight";
				INFOPLIST_KEY_UISupportedInterfaceOrientations_iPhone = "UIInterfaceOrientationPortrait UIInterfaceOrientationLandscapeLeft UIInterfaceOrientationLandscapeRight";
				IPHONEOS_DEPLOYMENT_TARGET = 13.0;
				LD_RUNPATH_SEARCH_PATHS = (
					"$(inherited)",
					"@executable_path/Frameworks",
				);
				MARKETING_VERSION = 1.0;
				PRODUCT_BUNDLE_IDENTIFIER = "com.zero.Crypt-Pro";
				PRODUCT_NAME = "$(TARGET_NAME)";
				SUPPORTED_PLATFORMS = "iphoneos iphonesimulator";
				SUPPORTS_MACCATALYST = NO;
				SUPPORTS_MAC_DESIGNED_FOR_IPHONE_IPAD = NO;
				SUPPORTS_XR_DESIGNED_FOR_IPHONE_IPAD = NO;
				SWIFT_EMIT_LOC_STRINGS = YES;
				SWIFT_VERSION = 5.0;
				TARGETED_DEVICE_FAMILY = 1;
			};
			name = Debug;
		};
		CE120FA52C4506F400FDD783 /* Release */ = {
			isa = XCBuildConfiguration;
			buildSettings = {
				ASSETCATALOG_COMPILER_APPICON_NAME = AppIcon;
				ASSETCATALOG_COMPILER_GLOBAL_ACCENT_COLOR_NAME = AccentColor;
				CODE_SIGN_STYLE = Automatic;
				CURRENT_PROJECT_VERSION = 1;
				DEVELOPMENT_TEAM = XV38VT3FG5;
				GENERATE_INFOPLIST_FILE = YES;
				INFOPLIST_FILE = "Crypt-Pro/Info.plist";
				INFOPLIST_KEY_UIApplicationSupportsIndirectInputEvents = YES;
				INFOPLIST_KEY_UILaunchStoryboardName = LaunchScreen;
				INFOPLIST_KEY_UISupportedInterfaceOrientations_iPad = "UIInterfaceOrientationPortrait UIInterfaceOrientationPortraitUpsideDown UIInterfaceOrientationLandscapeLeft UIInterfaceOrientationLandscapeRight";
				INFOPLIST_KEY_UISupportedInterfaceOrientations_iPhone = "UIInterfaceOrientationPortrait UIInterfaceOrientationLandscapeLeft UIInterfaceOrientationLandscapeRight";
				IPHONEOS_DEPLOYMENT_TARGET = 13.0;
				LD_RUNPATH_SEARCH_PATHS = (
					"$(inherited)",
					"@executable_path/Frameworks",
				);
				MARKETING_VERSION = 1.0;
				PRODUCT_BUNDLE_IDENTIFIER = "com.zero.Crypt-Pro";
				PRODUCT_NAME = "$(TARGET_NAME)";
				SUPPORTED_PLATFORMS = "iphoneos iphonesimulator";
				SUPPORTS_MACCATALYST = NO;
				SUPPORTS_MAC_DESIGNED_FOR_IPHONE_IPAD = NO;
				SUPPORTS_XR_DESIGNED_FOR_IPHONE_IPAD = NO;
				SWIFT_EMIT_LOC_STRINGS = YES;
				SWIFT_VERSION = 5.0;
				TARGETED_DEVICE_FAMILY = 1;
			};
			name = Release;
		};
/* End XCBuildConfiguration section */

/* Begin XCConfigurationList section */
		CE120F8A2C4506F300FDD783 /* Build configuration list for PBXProject "Crypt-Pro" */ = {
			isa = XCConfigurationList;
			buildConfigurations = (
				CE120FA12C4506F400FDD783 /* Debug */,
				CE120FA22C4506F400FDD783 /* Release */,
			);
			defaultConfigurationIsVisible = 0;
			defaultConfigurationName = Release;
		};
		CE120FA32C4506F400FDD783 /* Build configuration list for PBXNativeTarget "Crypt-Pro" */ = {
			isa = XCConfigurationList;
			buildConfigurations = (
				CE120FA42C4506F400FDD783 /* Debug */,
				CE120FA52C4506F400FDD783 /* Release */,
			);
			defaultConfigurationIsVisible = 0;
			defaultConfigurationName = Release;
		};
/* End XCConfigurationList section */
	};
	rootObject = CE120F872C4506F300FDD783 /* Project object */;
}
